<?xml version="1.0" encoding="utf-8"?>
<Project ToolsVersion="4.0" xmlns="http://schemas.microsoft.com/developer/msbuild/2003">
  <ItemGroup>
    <Filter Include="Source Files">
      <UniqueIdentifier>{4FC737F1-C7A5-4376-A066-2A32D752A2FF}</UniqueIdentifier>
      <Extensions>cpp;c;cc;cxx;c++;cppm;ixx;def;odl;idl;hpj;bat;asm;asmx</Extensions>
    </Filter>
    <Filter Include="Header Files">
      <UniqueIdentifier>{93995380-89BD-4b04-88EB-625FBE52EBFB}</UniqueIdentifier>
      <Extensions>h;hh;hpp;hxx;h++;hm;inl;inc;ipp;xsd</Extensions>
    </Filter>
    <Filter Include="Resource Files">
      <UniqueIdentifier>{67DA6AB6-F800-4c08-8B7A-83BB121AAD01}</UniqueIdentifier>
      <Extensions>rc;ico;cur;bmp;dlg;rc2;rct;bin;rgs;gif;jpg;jpeg;jpe;resx;tiff;tif;png;wav;mfcribbon-ms</Extensions>
    </Filter>
    <Filter Include="GUI">
      <UniqueIdentifier>{b517b898-b62c-414f-83f5-208014281f48}</UniqueIdentifier>
    </Filter>
    <Filter Include="IMGUI">
      <UniqueIdentifier>{4df885fa-1cc3-4dbc-b8ce-b845ef917377}</UniqueIdentifier>
    </Filter>
    <Filter Include="Light">
      <UniqueIdentifier>{99c54bbe-795d-448d-8003-1d4eb08c270d}</UniqueIdentifier>
    </Filter>
    <Filter Include="MeshObj">
      <UniqueIdentifier>{ccd8120b-8e1f-418f-8a15-020999c6d9f5}</UniqueIdentifier>
    </Filter>
    <Filter Include="Shaders">
      <UniqueIdentifier>{34bb55e5-994c-4f1b-8ce7-fe3557f8b431}</UniqueIdentifier>
    </Filter>
    <Filter Include="VAOManager">
      <UniqueIdentifier>{67ce4a1c-6700-40fd-acc3-010ef8108f2d}</UniqueIdentifier>
    </Filter>
    <Filter Include="XML">
      <UniqueIdentifier>{3b714bdf-eee6-4c42-a59d-372fc5082b29}</UniqueIdentifier>
    </Filter>
    <Filter Include="Game">
      <UniqueIdentifier>{06fd7792-133a-4f30-aaaf-fba67cdd9fb4}</UniqueIdentifier>
    </Filter>
  </ItemGroup>
  <ItemGroup>
    <ClInclude Include="src\GUI\cGUI.h">
      <Filter>GUI</Filter>
    </ClInclude>
    <ClInclude Include="..\dev\inc\imgui\imconfig.h">
      <Filter>IMGUI</Filter>
    </ClInclude>
    <ClInclude Include="..\dev\inc\imgui\imgui.h">
      <Filter>IMGUI</Filter>
    </ClInclude>
    <ClInclude Include="..\dev\inc\imgui\imgui_impl_glfw.h">
      <Filter>IMGUI</Filter>
    </ClInclude>
    <ClInclude Include="..\dev\inc\imgui\imgui_impl_opengl3.h">
      <Filter>IMGUI</Filter>
    </ClInclude>
    <ClInclude Include="..\dev\inc\imgui\imgui_impl_opengl3_loader.h">
      <Filter>IMGUI</Filter>
    </ClInclude>
    <ClInclude Include="..\dev\inc\imgui\imgui_internal.h">
      <Filter>IMGUI</Filter>
    </ClInclude>
    <ClInclude Include="..\dev\inc\imgui\imstb_rectpack.h">
      <Filter>IMGUI</Filter>
    </ClInclude>
    <ClInclude Include="..\dev\inc\imgui\imstb_textedit.h">
      <Filter>IMGUI</Filter>
    </ClInclude>
    <ClInclude Include="..\dev\inc\imgui\imstb_truetype.h">
      <Filter>IMGUI</Filter>
    </ClInclude>
    <ClInclude Include="src\Light\cLight.h">
      <Filter>Light</Filter>
    </ClInclude>
    <ClInclude Include="src\Light\cLightManager.h">
      <Filter>Light</Filter>
    </ClInclude>
    <ClInclude Include="src\MeshObj\cMeshObj.h">
      <Filter>MeshObj</Filter>
    </ClInclude>
    <ClInclude Include="src\XML\cXML.h">
      <Filter>XML</Filter>
    </ClInclude>
    <ClInclude Include="src\VAOManager\cModelDrawInfo.h">
      <Filter>VAOManager</Filter>
    </ClInclude>
    <ClInclude Include="src\VAOManager\cVAOManager.h">
      <Filter>VAOManager</Filter>
    </ClInclude>
    <ClInclude Include="src\Shader\cShaderManager.h">
      <Filter>Shaders</Filter>
    </ClInclude>
    <ClInclude Include="src\globalOpenGL.h">
      <Filter>Header Files</Filter>
    </ClInclude>
    <ClInclude Include="src\Game\cBattleGame.h">
      <Filter>Game</Filter>
    </ClInclude>
    <ClInclude Include="src\Game\cRobot.h">
      <Filter>Game</Filter>
    </ClInclude>
    <ClInclude Include="src\Game\Terrain.h">
      <Filter>Game</Filter>
    </ClInclude>
  </ItemGroup>
  <ItemGroup>
    <ClCompile Include="src\GUI\cGUI.cpp">
      <Filter>GUI</Filter>
    </ClCompile>
    <ClCompile Include="..\dev\inc\imgui\imgui.cpp">
      <Filter>IMGUI</Filter>
    </ClCompile>
    <ClCompile Include="..\dev\inc\imgui\imgui_demo.cpp">
      <Filter>IMGUI</Filter>
    </ClCompile>
    <ClCompile Include="..\dev\inc\imgui\imgui_draw.cpp">
      <Filter>IMGUI</Filter>
    </ClCompile>
    <ClCompile Include="..\dev\inc\imgui\imgui_impl_glfw.cpp">
      <Filter>IMGUI</Filter>
    </ClCompile>
    <ClCompile Include="..\dev\inc\imgui\imgui_impl_opengl3.cpp">
      <Filter>IMGUI</Filter>
    </ClCompile>
    <ClCompile Include="..\dev\inc\imgui\imgui_tables.cpp">
      <Filter>IMGUI</Filter>
    </ClCompile>
    <ClCompile Include="..\dev\inc\imgui\imgui_widgets.cpp">
      <Filter>IMGUI</Filter>
    </ClCompile>
    <ClCompile Include="src\Light\cLight.cpp">
      <Filter>Light</Filter>
    </ClCompile>
    <ClCompile Include="src\Light\cLightManager.cpp">
      <Filter>Light</Filter>
    </ClCompile>
    <ClCompile Include="src\MeshObj\cMeshObj.cpp">
      <Filter>MeshObj</Filter>
    </ClCompile>
    <ClCompile Include="src\XML\cXML.cpp">
      <Filter>XML</Filter>
    </ClCompile>
    <ClCompile Include="src\VAOManager\cModelDrawInfo.cpp">
      <Filter>VAOManager</Filter>
    </ClCompile>
    <ClCompile Include="src\VAOManager\cVAOManager.cpp">
      <Filter>VAOManager</Filter>
    </ClCompile>
    <ClCompile Include="src\Shader\cShader.cpp">
      <Filter>Shaders</Filter>
    </ClCompile>
    <ClCompile Include="src\Shader\cShaderManager.cpp">
      <Filter>Shaders</Filter>
    </ClCompile>
    <ClCompile Include="src\Shader\cShaderProgram.cpp">
      <Filter>Shaders</Filter>
    </ClCompile>
    <ClCompile Include="src\glad.c">
      <Filter>Source Files</Filter>
    </ClCompile>
    <ClCompile Include="src\main.cpp">
      <Filter>Source Files</Filter>
    </ClCompile>
    <ClCompile Include="src\Game\cBattleGame.cpp">
      <Filter>Game</Filter>
    </ClCompile>
    <ClCompile Include="src\Game\cRobot.cpp">
      <Filter>Game</Filter>
    </ClCompile>
    <ClCompile Include="src\Game\Terrain.cpp">
      <Filter>Game</Filter>
    </ClCompile>
  </ItemGroup>
  <ItemGroup>
    <None Include="src\Shader\fragmentShader.glsl">
      <Filter>Shaders</Filter>
    </None>
    <None Include="src\Shader\vertexShader.glsl">
      <Filter>Shaders</Filter>
    </None>
  </ItemGroup>
</Project>